# This file was autogenerated by uv via the following command:
#    uv pip compile requirements.txt -o requirements.lock
altair==6.1.0
    # via streamlit
annotated-types==0.7.0
    # via pydantic
anthropic==0.104.1
    # via -r requirements.txt
anyio==4.13.0
    # via
    #   anthropic
    #   httpx
    #   starlette
    #   streamlit
attrs==26.1.0
    # via
    #   jsonschema
    #   referencing
blinker==1.9.0
    # via streamlit
cachetools==6.2.6
    # via
    #   pyiceberg
    #   streamlit
certifi==2026.5.20
    # via
    #   httpcore
    #   httpx
    #   requests
cffi==2.0.0
    # via cryptography
charset-normalizer==3.4.7
    # via requests
click==8.4.1
    # via
    #   pyiceberg
    #   streamlit
    #   uvicorn
cryptography==48.0.0
    # via
    #   google-auth
    #   pyjwt
deprecation==2.1.0
    # via
    #   postgrest
    #   storage3
distro==1.9.0
    # via anthropic
docstring-parser==0.18.0
    # via anthropic
et-xmlfile==2.0.0
    # via openpyxl
extra-streamlit-components==0.1.81
    # via -r requirements.txt
fsspec==2026.4.0
    # via pyiceberg
gitdb==4.0.12
    # via gitpython
gitpython==3.1.50
    # via streamlit
google-auth==2.53.0
    # via google-genai
google-genai==0.8.0
    # via -r requirements.txt
h11==0.16.0
    # via
    #   httpcore
    #   uvicorn
h2==4.3.0
    # via httpx
hpack==4.1.0
    # via h2
httpcore==1.0.9
    # via httpx
httptools==0.8.0
    # via streamlit
httpx==0.28.1
    # via
    #   anthropic
    #   postgrest
    #   storage3
    #   supabase
    #   supabase-auth
    #   supabase-functions
hyperframe==6.1.0
    # via h2
idna==3.16
    # via
    #   anyio
    #   httpx
    #   requests
    #   yarl
itsdangerous==2.2.0
    # via streamlit
jinja2==3.1.6
    # via
    #   altair
    #   pydeck
jiter==0.15.0
    # via anthropic
jsonschema==4.26.0
    # via altair
jsonschema-specifications==2025.9.1
    # via jsonschema
lxml==6.1.1
    # via python-docx
markdown-it-py==4.2.0
    # via rich
markupsafe==3.0.3
    # via jinja2
mdurl==0.1.2
    # via markdown-it-py
mmh3==5.2.1
    # via pyiceberg
multidict==6.7.1
    # via yarl
narwhals==2.21.2
    # via altair
numpy==2.4.6
    # via
    #   pandas
    #   pydeck
    #   streamlit
openpyxl==3.1.5
    # via -r requirements.txt
packaging==26.2
    # via
    #   altair
    #   deprecation
    #   streamlit
pandas==3.0.3
    # via streamlit
pillow==11.3.0
    # via
    #   -r requirements.txt
    #   streamlit
postgrest==2.30.0
    # via supabase
propcache==0.5.2
    # via yarl
protobuf==7.35.0
    # via streamlit
pyarrow==24.0.0
    # via streamlit
pyasn1==0.6.3
    # via pyasn1-modules
pyasn1-modules==0.4.2
    # via google-auth
pycparser==3.0
    # via cffi
pydantic==2.13.4
    # via
    #   anthropic
    #   google-genai
    #   postgrest
    #   pyiceberg
    #   realtime
    #   storage3
    #   supabase-auth
pydantic-core==2.46.4
    # via pydantic
pydeck==0.9.2
    # via streamlit
pygments==2.20.0
    # via rich
pyiceberg==0.11.1
    # via storage3
pyjwt==2.13.0
    # via supabase-auth
pyparsing==3.3.2
    # via pyiceberg
pyroaring==1.1.0
    # via pyiceberg
python-dateutil==2.9.0.post0
    # via
    #   pandas
    #   strictyaml
python-docx==1.2.0
    # via -r requirements.txt
python-multipart==0.0.29
    # via streamlit
realtime==2.30.0
    # via supabase
referencing==0.37.0
    # via
    #   jsonschema
    #   jsonschema-specifications
requests==2.34.2
    # via
    #   -r requirements.txt
    #   google-genai
    #   pyiceberg
    #   streamlit
rich==14.3.4
    # via pyiceberg
rpds-py==0.30.0
    # via
    #   jsonschema
    #   referencing
six==1.17.0
    # via python-dateutil
smmap==5.0.3
    # via gitdb
sniffio==1.3.1
    # via anthropic
starlette==1.1.0
    # via streamlit
storage3==2.30.0
    # via supabase
streamlit==1.57.0
    # via
    #   -r requirements.txt
    #   extra-streamlit-components
strenum==0.4.15
    # via supabase-functions
strictyaml==1.7.3
    # via pyiceberg
supabase==2.30.0
    # via -r requirements.txt
supabase-auth==2.30.0
    # via supabase
supabase-functions==2.30.0
    # via supabase
tenacity==9.1.4
    # via
    #   pyiceberg
    #   streamlit
toml==0.10.2
    # via streamlit
typing-extensions==4.15.0
    # via
    #   altair
    #   anthropic
    #   anyio
    #   pydantic
    #   pydantic-core
    #   python-docx
    #   realtime
    #   referencing
    #   starlette
    #   streamlit
    #   typing-inspection
typing-inspection==0.4.2
    # via pydantic
urllib3==2.7.0
    # via requests
uvicorn==0.48.0
    # via streamlit
watchdog==6.0.0
    # via streamlit
websockets==14.2
    # via
    #   google-genai
    #   realtime
    #   streamlit
yarl==1.24.2
    # via
    #   postgrest
    #   storage3
    #   supabase
    #   supabase-functions
zstandard==0.25.0
    # via pyiceberg
